
Microsoft Visual Studio Solution File, Format Version 12.00
# Visual Studio Version 17
VisualStudioVersion = 17.6.33723.286
MinimumVisualStudioVersion = 10.0.40219.1
Project("{FAE04EC0-301F-11D3-BF4B-00C04F79EFBC}") = "MStore", "WindowsApp\MStore.csproj", "{D331A7BB-F7A8-4534-BF68-C6E21147814C}"
EndProject
Global
	GlobalSection(SolutionConfigurationPlatforms) = preSolution
		Debug|Any CPU = Debug|Any CPU
		Release|Any CPU = Release|Any CPU
	EndGlobalSection
	GlobalSection(ProjectConfigurationPlatforms) = postSolution
		{D331A7BB-F7A8-4534-BF68-C6E21147814C}.Debug|Any CPU.ActiveCfg = Debug|Any CPU
		{D331A7BB-F7A8-4534-BF68-C6E21147814C}.Debug|Any CPU.Build.0 = Debug|Any CPU
		{D331A7BB-F7A8-4534-BF68-C6E21147814C}.Release|Any CPU.ActiveCfg = Release|Any CPU
		{D331A7BB-F7A8-4534-BF68-C6E21147814C}.Release|Any CPU.Build.0 = Release|Any CPU
	EndGlobalSection
	GlobalSection(SolutionProperties) = preSolution
		HideSolutionNode = FALSE
	EndGlobalSection
	GlobalSection(ExtensibilityGlobals) = postSolution
		SolutionGuid = {7A6D7B42-4BF0-45C2-92D1-451944F65CA1}
	EndGlobalSection
EndGlobal
